PODS:
  - Flutter (1.0.0)
  - shenai_sdk (3.1.0):
    - Flutter

DEPENDENCIES:
  - Flutter (from `Flutter`)
  - shenai_sdk (from `.symlinks/plugins/shenai_sdk/ios`)

EXTERNAL SOURCES:
  Flutter:
    :path: Flutter
  shenai_sdk:
    :path: ".symlinks/plugins/shenai_sdk/ios"

SPEC CHECKSUMS:
  Flutter: cabc95a1d2626b1b06e7179b784ebcf0c0cde467
  shenai_sdk: 0fc99e8e51b6cdbf15493378fec8250a66e4567e

PODFILE CHECKSUM: 775997f741c536251164e3eacf6e34abf2eb7a17

COCOAPODS: 1.16.2
