PODS:
  - Flutter (1.0.0)
  - shenai_sdk (2.0.0-beta.0):
    - Flutter

DEPENDENCIES:
  - Flutter (from `Flutter`)
  - shenai_sdk (from `.symlinks/plugins/shenai_sdk/ios`)

EXTERNAL SOURCES:
  Flutter:
    :path: Flutter
  shenai_sdk:
    :path: ".symlinks/plugins/shenai_sdk/ios"

SPEC CHECKSUMS:
  Flutter: f04841e97a9d0b0a8025694d0796dd46242b2854
  shenai_sdk: a88becd8549c6bc916fa0768c3c46f641a90a19b

PODFILE CHECKSUM: 775997f741c536251164e3eacf6e34abf2eb7a17

COCOAPODS: 1.11.3
