PODS:
  - Flutter (1.0.0)
  - shenai_sdk (2.4.0):
    - Flutter

DEPENDENCIES:
  - Flutter (from `Flutter`)
  - shenai_sdk (from `.symlinks/plugins/shenai_sdk/ios`)

EXTERNAL SOURCES:
  Flutter:
    :path: Flutter
  shenai_sdk:
    :path: ".symlinks/plugins/shenai_sdk/ios"

SPEC CHECKSUMS:
  Flutter: f04841e97a9d0b0a8025694d0796dd46242b2854
  shenai_sdk: 55a1cd9a8a3e6a3448ca425c15ca1ca3b63935a6

PODFILE CHECKSUM: 775997f741c536251164e3eacf6e34abf2eb7a17

COCOAPODS: 1.15.2
